<?xml version="1.0" encoding="utf-8"?>
<Project ToolsVersion="4.0" xmlns="http://schemas.microsoft.com/developer/msbuild/2003">
  <ItemGroup>
    <Filter Include="Source Files">
      <UniqueIdentifier>{4FC737F1-C7A5-4376-A066-2A32D752A2FF}</UniqueIdentifier>
      <Extensions>cpp;c;cc;cxx;c++;cppm;ixx;def;odl;idl;hpj;bat;asm;asmx</Extensions>
    </Filter>
    <Filter Include="Header Files">
      <UniqueIdentifier>{93995380-89BD-4b04-88EB-625FBE52EBFB}</UniqueIdentifier>
      <Extensions>h;hh;hpp;hxx;h++;hm;inl;inc;ipp;xsd</Extensions>
    </Filter>
    <Filter Include="Resource Files">
      <UniqueIdentifier>{67DA6AB6-F800-4c08-8B7A-83BB121AAD01}</UniqueIdentifier>
      <Extensions>rc;ico;cur;bmp;dlg;rc2;rct;bin;rgs;gif;jpg;jpeg;jpe;resx;tiff;tif;png;wav;mfcribbon-ms</Extensions>
    </Filter>
  </ItemGroup>
  <ItemGroup>
    <ClCompile Include="App\App.c">
      <Filter>Source Files</Filter>
    </ClCompile>
    <ClCompile Include="CreateAccount\Create_Account.c">
      <Filter>Source Files</Filter>
    </ClCompile>
    <ClCompile Include="DB\DB_Manager.c">
      <Filter>Source Files</Filter>
    </ClCompile>
    <ClCompile Include="Test\Tests.c">
      <Filter>Source Files</Filter>
    </ClCompile>
    <ClCompile Include="main.c">
      <Filter>Source Files</Filter>
    </ClCompile>
    <ClCompile Include="Login\Login.c">
      <Filter>Source Files</Filter>
    </ClCompile>
    <ClCompile Include="BackEnd\BackEnd.c">
      <Filter>Source Files</Filter>
    </ClCompile>
    <ClCompile Include="Courses_Registeration\course_reg.c">
      <Filter>Source Files</Filter>
    </ClCompile>
  </ItemGroup>
  <ItemGroup>
    <ClInclude Include="App\App.h">
      <Filter>Header Files</Filter>
    </ClInclude>
    <ClInclude Include="CreateAccount\Create_Account.h">
      <Filter>Header Files</Filter>
    </ClInclude>
    <ClInclude Include="DB\DB_info.h">
      <Filter>Header Files</Filter>
    </ClInclude>
    <ClInclude Include="DB\DB_Manager.h">
      <Filter>Header Files</Filter>
    </ClInclude>
    <ClInclude Include="Generic\Data_Types.h">
      <Filter>Header Files</Filter>
    </ClInclude>
    <ClInclude Include="Generic\System_info.h">
      <Filter>Header Files</Filter>
    </ClInclude>
    <ClInclude Include="Test\Tests.h">
      <Filter>Header Files</Filter>
    </ClInclude>
    <ClInclude Include="Security\Sec.h">
      <Filter>Header Files</Filter>
    </ClInclude>
    <ClInclude Include="Login\Login.h">
      <Filter>Header Files</Filter>
    </ClInclude>
    <ClInclude Include="BackEnd\BackEnd.h">
      <Filter>Header Files</Filter>
    </ClInclude>
    <ClInclude Include="Courses_Registeration\course_reg.h">
      <Filter>Header Files</Filter>
    </ClInclude>
  </ItemGroup>
</Project>